
Microsoft Visual Studio Solution File, Format Version 12.00
# Visual Studio 2013
VisualStudioVersion = 12.0.30501.0
MinimumVisualStudioVersion = 10.0.40219.1
Project("{FAE04EC0-301F-11D3-BF4B-00C04F79EFBC}") = "AngularJSAuthentication.API", "AngularJSAuthentication.API\AngularJSAuthentication.API.csproj", "{3950A17E-00EA-4EE5-B92F-89C8E675454E}"
EndProject
Project("{FAE04EC0-301F-11D3-BF4B-00C04F79EFBC}") = "AngularJSAuthentication.Web", "AngularJSAuthentication.Web\AngularJSAuthentication.Web.csproj", "{EF7D837A-9EFF-4FFB-97A9-C3633D73DEE1}"
EndProject
Project("{FAE04EC0-301F-11D3-BF4B-00C04F79EFBC}") = "WebApp1", "WebApp1\WebApp1.csproj", "{E4156422-2684-4222-95C2-4B9AE4CBA7E3}"
EndProject
Global
	GlobalSection(SolutionConfigurationPlatforms) = preSolution
		Debug|Any CPU = Debug|Any CPU
		Release|Any CPU = Release|Any CPU
	EndGlobalSection
	GlobalSection(ProjectConfigurationPlatforms) = postSolution
		{3950A17E-00EA-4EE5-B92F-89C8E675454E}.Debug|Any CPU.ActiveCfg = Debug|Any CPU
		{3950A17E-00EA-4EE5-B92F-89C8E675454E}.Debug|Any CPU.Build.0 = Debug|Any CPU
		{3950A17E-00EA-4EE5-B92F-89C8E675454E}.Release|Any CPU.ActiveCfg = Release|Any CPU
		{3950A17E-00EA-4EE5-B92F-89C8E675454E}.Release|Any CPU.Build.0 = Release|Any CPU
		{EF7D837A-9EFF-4FFB-97A9-C3633D73DEE1}.Debug|Any CPU.ActiveCfg = Debug|Any CPU
		{EF7D837A-9EFF-4FFB-97A9-C3633D73DEE1}.Debug|Any CPU.Build.0 = Debug|Any CPU
		{EF7D837A-9EFF-4FFB-97A9-C3633D73DEE1}.Release|Any CPU.ActiveCfg = Release|Any CPU
		{EF7D837A-9EFF-4FFB-97A9-C3633D73DEE1}.Release|Any CPU.Build.0 = Release|Any CPU
		{E4156422-2684-4222-95C2-4B9AE4CBA7E3}.Debug|Any CPU.ActiveCfg = Debug|Any CPU
		{E4156422-2684-4222-95C2-4B9AE4CBA7E3}.Debug|Any CPU.Build.0 = Debug|Any CPU
		{E4156422-2684-4222-95C2-4B9AE4CBA7E3}.Release|Any CPU.ActiveCfg = Release|Any CPU
		{E4156422-2684-4222-95C2-4B9AE4CBA7E3}.Release|Any CPU.Build.0 = Release|Any CPU
	EndGlobalSection
	GlobalSection(SolutionProperties) = preSolution
		HideSolutionNode = FALSE
	EndGlobalSection
EndGlobal
