
Microsoft Visual Studio Solution File, Format Version 12.00
# Visual Studio 2013
VisualStudioVersion = 12.0.30501.0
MinimumVisualStudioVersion = 10.0.40219.1
Project("{FAE04EC0-301F-11D3-BF4B-00C04F79EFBC}") = "FileSearch", "FileSearch\FileSearch.csproj", "{3E458638-69CE-4F01-BE86-1F109B24A2AF}"
EndProject
Project("{FAE04EC0-301F-11D3-BF4B-00C04F79EFBC}") = "SearchForm", "SearchForm\SearchForm.csproj", "{67297F80-1A08-417E-A172-C62F2F8BED2E}"
EndProject
Global
	GlobalSection(SolutionConfigurationPlatforms) = preSolution
		Debug|Any CPU = Debug|Any CPU
		Release|Any CPU = Release|Any CPU
	EndGlobalSection
	GlobalSection(ProjectConfigurationPlatforms) = postSolution
		{3E458638-69CE-4F01-BE86-1F109B24A2AF}.Debug|Any CPU.ActiveCfg = Debug|Any CPU
		{3E458638-69CE-4F01-BE86-1F109B24A2AF}.Debug|Any CPU.Build.0 = Debug|Any CPU
		{3E458638-69CE-4F01-BE86-1F109B24A2AF}.Release|Any CPU.ActiveCfg = Release|Any CPU
		{3E458638-69CE-4F01-BE86-1F109B24A2AF}.Release|Any CPU.Build.0 = Release|Any CPU
		{67297F80-1A08-417E-A172-C62F2F8BED2E}.Debug|Any CPU.ActiveCfg = Debug|Any CPU
		{67297F80-1A08-417E-A172-C62F2F8BED2E}.Debug|Any CPU.Build.0 = Debug|Any CPU
		{67297F80-1A08-417E-A172-C62F2F8BED2E}.Release|Any CPU.ActiveCfg = Release|Any CPU
		{67297F80-1A08-417E-A172-C62F2F8BED2E}.Release|Any CPU.Build.0 = Release|Any CPU
	EndGlobalSection
	GlobalSection(SolutionProperties) = preSolution
		HideSolutionNode = FALSE
	EndGlobalSection
EndGlobal
