
Microsoft Visual Studio Solution File, Format Version 12.00
# Visual Studio 2013
VisualStudioVersion = 12.0.30501.0
MinimumVisualStudioVersion = 10.0.40219.1
Project("{FAE04EC0-301F-11D3-BF4B-00C04F79EFBC}") = "LINQbasics", "LINQbasics.csproj", "{733C1892-A1F7-4514-86ED-E447168A4D7A}"
EndProject
Project("{FAE04EC0-301F-11D3-BF4B-00C04F79EFBC}") = "XLinq", "..\XLinq\XLinq.csproj", "{093049BF-8470-4053-891E-CE2B9CB647D5}"
EndProject
Global
	GlobalSection(SolutionConfigurationPlatforms) = preSolution
		Debug|Any CPU = Debug|Any CPU
		Release|Any CPU = Release|Any CPU
	EndGlobalSection
	GlobalSection(ProjectConfigurationPlatforms) = postSolution
		{733C1892-A1F7-4514-86ED-E447168A4D7A}.Debug|Any CPU.ActiveCfg = Debug|Any CPU
		{733C1892-A1F7-4514-86ED-E447168A4D7A}.Debug|Any CPU.Build.0 = Debug|Any CPU
		{733C1892-A1F7-4514-86ED-E447168A4D7A}.Release|Any CPU.ActiveCfg = Release|Any CPU
		{733C1892-A1F7-4514-86ED-E447168A4D7A}.Release|Any CPU.Build.0 = Release|Any CPU
		{093049BF-8470-4053-891E-CE2B9CB647D5}.Debug|Any CPU.ActiveCfg = Debug|Any CPU
		{093049BF-8470-4053-891E-CE2B9CB647D5}.Debug|Any CPU.Build.0 = Debug|Any CPU
		{093049BF-8470-4053-891E-CE2B9CB647D5}.Release|Any CPU.ActiveCfg = Release|Any CPU
		{093049BF-8470-4053-891E-CE2B9CB647D5}.Release|Any CPU.Build.0 = Release|Any CPU
	EndGlobalSection
	GlobalSection(SolutionProperties) = preSolution
		HideSolutionNode = FALSE
	EndGlobalSection
EndGlobal
