
Microsoft Visual Studio Solution File, Format Version 12.00
# Visual Studio 2013
VisualStudioVersion = 12.0.30501.0
MinimumVisualStudioVersion = 10.0.40219.1
Project("{FAE04EC0-301F-11D3-BF4B-00C04F79EFBC}") = "MyDelegates", "MyDelegates\MyDelegates.csproj", "{5DF8542C-B226-450F-991B-194F6052A80A}"
EndProject
Project("{FAE04EC0-301F-11D3-BF4B-00C04F79EFBC}") = "Thread1", "Thread1\Thread1.csproj", "{1A7C52DA-123B-4616-8D37-BD77722C5D7A}"
EndProject
Project("{FAE04EC0-301F-11D3-BF4B-00C04F79EFBC}") = "Tsync", "Tsync\Tsync.csproj", "{BAA34432-5E23-40C2-9F0A-8D8D30259611}"
EndProject
Project("{FAE04EC0-301F-11D3-BF4B-00C04F79EFBC}") = "ParallelProg", "ParallelProg\ParallelProg.csproj", "{22B27538-7C4B-4C14-8AED-F7147CB68F8D}"
EndProject
Global
	GlobalSection(SolutionConfigurationPlatforms) = preSolution
		Debug|Any CPU = Debug|Any CPU
		Release|Any CPU = Release|Any CPU
	EndGlobalSection
	GlobalSection(ProjectConfigurationPlatforms) = postSolution
		{5DF8542C-B226-450F-991B-194F6052A80A}.Debug|Any CPU.ActiveCfg = Debug|Any CPU
		{5DF8542C-B226-450F-991B-194F6052A80A}.Debug|Any CPU.Build.0 = Debug|Any CPU
		{5DF8542C-B226-450F-991B-194F6052A80A}.Release|Any CPU.ActiveCfg = Release|Any CPU
		{5DF8542C-B226-450F-991B-194F6052A80A}.Release|Any CPU.Build.0 = Release|Any CPU
		{1A7C52DA-123B-4616-8D37-BD77722C5D7A}.Debug|Any CPU.ActiveCfg = Debug|Any CPU
		{1A7C52DA-123B-4616-8D37-BD77722C5D7A}.Debug|Any CPU.Build.0 = Debug|Any CPU
		{1A7C52DA-123B-4616-8D37-BD77722C5D7A}.Release|Any CPU.ActiveCfg = Release|Any CPU
		{1A7C52DA-123B-4616-8D37-BD77722C5D7A}.Release|Any CPU.Build.0 = Release|Any CPU
		{BAA34432-5E23-40C2-9F0A-8D8D30259611}.Debug|Any CPU.ActiveCfg = Debug|Any CPU
		{BAA34432-5E23-40C2-9F0A-8D8D30259611}.Debug|Any CPU.Build.0 = Debug|Any CPU
		{BAA34432-5E23-40C2-9F0A-8D8D30259611}.Release|Any CPU.ActiveCfg = Release|Any CPU
		{BAA34432-5E23-40C2-9F0A-8D8D30259611}.Release|Any CPU.Build.0 = Release|Any CPU
		{22B27538-7C4B-4C14-8AED-F7147CB68F8D}.Debug|Any CPU.ActiveCfg = Debug|Any CPU
		{22B27538-7C4B-4C14-8AED-F7147CB68F8D}.Debug|Any CPU.Build.0 = Debug|Any CPU
		{22B27538-7C4B-4C14-8AED-F7147CB68F8D}.Release|Any CPU.ActiveCfg = Release|Any CPU
		{22B27538-7C4B-4C14-8AED-F7147CB68F8D}.Release|Any CPU.Build.0 = Release|Any CPU
	EndGlobalSection
	GlobalSection(SolutionProperties) = preSolution
		HideSolutionNode = FALSE
	EndGlobalSection
EndGlobal
