
Microsoft Visual Studio Solution File, Format Version 12.00
# Visual Studio 2013
VisualStudioVersion = 12.0.30501.0
MinimumVisualStudioVersion = 10.0.40219.1
Project("{FAE04EC0-301F-11D3-BF4B-00C04F79EFBC}") = "MVCDemo", "MVCDemo\MVCDemo.csproj", "{E63E5FEA-6794-488A-B497-8BE24944DB78}"
EndProject
Project("{FAE04EC0-301F-11D3-BF4B-00C04F79EFBC}") = "Cabs", "Cabs\Cabs.csproj", "{4D4D6969-F3D2-444A-8329-D49CF8228834}"
EndProject
Project("{FAE04EC0-301F-11D3-BF4B-00C04F79EFBC}") = "ControllerDemo", "ControllerDemo\ControllerDemo.csproj", "{D69DD901-7331-4B17-91E9-271E0CDAD263}"
EndProject
Project("{FAE04EC0-301F-11D3-BF4B-00C04F79EFBC}") = "TypesView", "TypesView\TypesView.csproj", "{208810E6-2715-4C10-B017-FD7254579B1B}"
EndProject
Project("{FAE04EC0-301F-11D3-BF4B-00C04F79EFBC}") = "DependencyInjection", "DependencyInjection\DependencyInjection.csproj", "{97800654-5EB6-422A-AA24-933097BE0B66}"
EndProject
Project("{FAE04EC0-301F-11D3-BF4B-00C04F79EFBC}") = "FiltersExceptionLogging", "FiltersExceptionLogging\FiltersExceptionLogging.csproj", "{89F1E28E-0F31-490D-95EC-7D94079B121C}"
EndProject
Project("{FAE04EC0-301F-11D3-BF4B-00C04F79EFBC}") = "Authentication", "Authentication\Authentication.csproj", "{79B3BA8D-E5DF-4643-A04F-A9A468E54BA2}"
EndProject
Project("{FAE04EC0-301F-11D3-BF4B-00C04F79EFBC}") = "IndividualAuth", "IndividualAuth\IndividualAuth.csproj", "{998B7E3A-17D3-4E4B-811E-5781A2B75F71}"
EndProject
Project("{FAE04EC0-301F-11D3-BF4B-00C04F79EFBC}") = "PartialViews", "PartialViews\PartialViews.csproj", "{648A0DB7-7E90-4A0A-A886-509F06E71D81}"
EndProject
Global
	GlobalSection(SolutionConfigurationPlatforms) = preSolution
		Debug|Any CPU = Debug|Any CPU
		Release|Any CPU = Release|Any CPU
	EndGlobalSection
	GlobalSection(ProjectConfigurationPlatforms) = postSolution
		{E63E5FEA-6794-488A-B497-8BE24944DB78}.Debug|Any CPU.ActiveCfg = Debug|Any CPU
		{E63E5FEA-6794-488A-B497-8BE24944DB78}.Debug|Any CPU.Build.0 = Debug|Any CPU
		{E63E5FEA-6794-488A-B497-8BE24944DB78}.Release|Any CPU.ActiveCfg = Release|Any CPU
		{E63E5FEA-6794-488A-B497-8BE24944DB78}.Release|Any CPU.Build.0 = Release|Any CPU
		{4D4D6969-F3D2-444A-8329-D49CF8228834}.Debug|Any CPU.ActiveCfg = Debug|Any CPU
		{4D4D6969-F3D2-444A-8329-D49CF8228834}.Debug|Any CPU.Build.0 = Debug|Any CPU
		{4D4D6969-F3D2-444A-8329-D49CF8228834}.Release|Any CPU.ActiveCfg = Release|Any CPU
		{4D4D6969-F3D2-444A-8329-D49CF8228834}.Release|Any CPU.Build.0 = Release|Any CPU
		{D69DD901-7331-4B17-91E9-271E0CDAD263}.Debug|Any CPU.ActiveCfg = Debug|Any CPU
		{D69DD901-7331-4B17-91E9-271E0CDAD263}.Debug|Any CPU.Build.0 = Debug|Any CPU
		{D69DD901-7331-4B17-91E9-271E0CDAD263}.Release|Any CPU.ActiveCfg = Release|Any CPU
		{D69DD901-7331-4B17-91E9-271E0CDAD263}.Release|Any CPU.Build.0 = Release|Any CPU
		{208810E6-2715-4C10-B017-FD7254579B1B}.Debug|Any CPU.ActiveCfg = Debug|Any CPU
		{208810E6-2715-4C10-B017-FD7254579B1B}.Debug|Any CPU.Build.0 = Debug|Any CPU
		{208810E6-2715-4C10-B017-FD7254579B1B}.Release|Any CPU.ActiveCfg = Release|Any CPU
		{208810E6-2715-4C10-B017-FD7254579B1B}.Release|Any CPU.Build.0 = Release|Any CPU
		{97800654-5EB6-422A-AA24-933097BE0B66}.Debug|Any CPU.ActiveCfg = Debug|Any CPU
		{97800654-5EB6-422A-AA24-933097BE0B66}.Debug|Any CPU.Build.0 = Debug|Any CPU
		{97800654-5EB6-422A-AA24-933097BE0B66}.Release|Any CPU.ActiveCfg = Release|Any CPU
		{97800654-5EB6-422A-AA24-933097BE0B66}.Release|Any CPU.Build.0 = Release|Any CPU
		{89F1E28E-0F31-490D-95EC-7D94079B121C}.Debug|Any CPU.ActiveCfg = Debug|Any CPU
		{89F1E28E-0F31-490D-95EC-7D94079B121C}.Debug|Any CPU.Build.0 = Debug|Any CPU
		{89F1E28E-0F31-490D-95EC-7D94079B121C}.Release|Any CPU.ActiveCfg = Release|Any CPU
		{89F1E28E-0F31-490D-95EC-7D94079B121C}.Release|Any CPU.Build.0 = Release|Any CPU
		{79B3BA8D-E5DF-4643-A04F-A9A468E54BA2}.Debug|Any CPU.ActiveCfg = Debug|Any CPU
		{79B3BA8D-E5DF-4643-A04F-A9A468E54BA2}.Debug|Any CPU.Build.0 = Debug|Any CPU
		{79B3BA8D-E5DF-4643-A04F-A9A468E54BA2}.Release|Any CPU.ActiveCfg = Release|Any CPU
		{79B3BA8D-E5DF-4643-A04F-A9A468E54BA2}.Release|Any CPU.Build.0 = Release|Any CPU
		{998B7E3A-17D3-4E4B-811E-5781A2B75F71}.Debug|Any CPU.ActiveCfg = Debug|Any CPU
		{998B7E3A-17D3-4E4B-811E-5781A2B75F71}.Debug|Any CPU.Build.0 = Debug|Any CPU
		{998B7E3A-17D3-4E4B-811E-5781A2B75F71}.Release|Any CPU.ActiveCfg = Release|Any CPU
		{998B7E3A-17D3-4E4B-811E-5781A2B75F71}.Release|Any CPU.Build.0 = Release|Any CPU
		{648A0DB7-7E90-4A0A-A886-509F06E71D81}.Debug|Any CPU.ActiveCfg = Debug|Any CPU
		{648A0DB7-7E90-4A0A-A886-509F06E71D81}.Debug|Any CPU.Build.0 = Debug|Any CPU
		{648A0DB7-7E90-4A0A-A886-509F06E71D81}.Release|Any CPU.ActiveCfg = Release|Any CPU
		{648A0DB7-7E90-4A0A-A886-509F06E71D81}.Release|Any CPU.Build.0 = Release|Any CPU
	EndGlobalSection
	GlobalSection(SolutionProperties) = preSolution
		HideSolutionNode = FALSE
	EndGlobalSection
EndGlobal
